// !$*UTF8*$!
{
	archiveVersion = 1;
	classes = {
	};
	objectVersion = 46;
	objects = {

/* Begin PBXBuildFile section */
		343223D8151062340093FB7F /* EMExercises.m in Sources */ = {isa = PBXBuildFile; fileRef = 343223D7151062340093FB7F /* EMExercises.m */; };
		3472C6E81527FE31005C9283 /* KalDataSource.m in Sources */ = {isa = PBXBuildFile; fileRef = 3472C6D81527FE30005C9283 /* KalDataSource.m */; };
		3472C6E91527FE31005C9283 /* KalDate.m in Sources */ = {isa = PBXBuildFile; fileRef = 3472C6DA1527FE30005C9283 /* KalDate.m */; };
		3472C6EA1527FE31005C9283 /* KalGridView.m in Sources */ = {isa = PBXBuildFile; fileRef = 3472C6DC1527FE30005C9283 /* KalGridView.m */; };
		3472C6EB1527FE31005C9283 /* KalLogic.m in Sources */ = {isa = PBXBuildFile; fileRef = 3472C6DE1527FE30005C9283 /* KalLogic.m */; };
		3472C6EC1527FE31005C9283 /* KalMonthView.m in Sources */ = {isa = PBXBuildFile; fileRef = 3472C6E01527FE30005C9283 /* KalMonthView.m */; };
		3472C6ED1527FE31005C9283 /* KalTileView.m in Sources */ = {isa = PBXBuildFile; fileRef = 3472C6E31527FE30005C9283 /* KalTileView.m */; };
		3472C6EE1527FE31005C9283 /* KalView.m in Sources */ = {isa = PBXBuildFile; fileRef = 3472C6E51527FE31005C9283 /* KalView.m */; };
		3472C6EF1527FE31005C9283 /* KalViewController.m in Sources */ = {isa = PBXBuildFile; fileRef = 3472C6E71527FE31005C9283 /* KalViewController.m */; };
		3472C72D1527FF10005C9283 /* NSDateAdditions.m in Sources */ = {isa = PBXBuildFile; fileRef = 3472C72A1527FF10005C9283 /* NSDateAdditions.m */; };
		3472C72E1527FF10005C9283 /* UIViewAdditions.m in Sources */ = {isa = PBXBuildFile; fileRef = 3472C72C1527FF10005C9283 /* UIViewAdditions.m */; };
		347AFF091512B1E300735DD2 /* EMNewCategoryViewController.m in Sources */ = {isa = PBXBuildFile; fileRef = 347AFF081512B1E200735DD2 /* EMNewCategoryViewController.m */; };
		34AD32F7153767DA002F3435 /* downArrow.png in Resources */ = {isa = PBXBuildFile; fileRef = 34AD32F6153767DA002F3435 /* downArrow.png */; };
		34D13585152D5A7000EEC3BD /* kal_grid_background.png in Resources */ = {isa = PBXBuildFile; fileRef = 3472C6FA1527FEE5005C9283 /* kal_grid_background.png */; };
		34D13586152D5A7000EEC3BD /* kal_grid_shadow.png in Resources */ = {isa = PBXBuildFile; fileRef = 3472C6FB1527FEE5005C9283 /* kal_grid_shadow.png */; };
		34D13587152D5A7000EEC3BD /* kal_header_text_fill.png in Resources */ = {isa = PBXBuildFile; fileRef = 3472C6FC1527FEE5005C9283 /* kal_header_text_fill.png */; };
		34D13588152D5A7000EEC3BD /* kal_left_arrow.png in Resources */ = {isa = PBXBuildFile; fileRef = 3472C6FD1527FEE5005C9283 /* kal_left_arrow.png */; };
		34D13589152D5A7000EEC3BD /* kal_left_arrow@2x.png in Resources */ = {isa = PBXBuildFile; fileRef = 3472C6FE1527FEE5005C9283 /* kal_left_arrow@2x.png */; };
		34D1358A152D5A7000EEC3BD /* kal_marker_dim.png in Resources */ = {isa = PBXBuildFile; fileRef = 3472C6FF1527FEE5005C9283 /* kal_marker_dim.png */; };
		34D1358B152D5A7000EEC3BD /* kal_marker_dim@2x.png in Resources */ = {isa = PBXBuildFile; fileRef = 3472C7001527FEE5005C9283 /* kal_marker_dim@2x.png */; };
		34D1358C152D5A7000EEC3BD /* kal_marker_selected.png in Resources */ = {isa = PBXBuildFile; fileRef = 3472C7011527FEE5005C9283 /* kal_marker_selected.png */; };
		34D1358D152D5A7000EEC3BD /* kal_marker_selected@2x.png in Resources */ = {isa = PBXBuildFile; fileRef = 3472C7021527FEE5005C9283 /* kal_marker_selected@2x.png */; };
		34D1358E152D5A7000EEC3BD /* kal_marker_today.png in Resources */ = {isa = PBXBuildFile; fileRef = 3472C7031527FEE5005C9283 /* kal_marker_today.png */; };
		34D1358F152D5A7000EEC3BD /* kal_marker_today@2x.png in Resources */ = {isa = PBXBuildFile; fileRef = 3472C7041527FEE5005C9283 /* kal_marker_today@2x.png */; };
		34D13590152D5A7000EEC3BD /* kal_marker.png in Resources */ = {isa = PBXBuildFile; fileRef = 3472C7051527FEE5005C9283 /* kal_marker.png */; };
		34D13591152D5A7000EEC3BD /* kal_marker@2x.png in Resources */ = {isa = PBXBuildFile; fileRef = 3472C7061527FEE5005C9283 /* kal_marker@2x.png */; };
		34D13592152D5A7000EEC3BD /* kal_right_arrow.png in Resources */ = {isa = PBXBuildFile; fileRef = 3472C7071527FEE5005C9283 /* kal_right_arrow.png */; };
		34D13593152D5A7000EEC3BD /* kal_right_arrow@2x.png in Resources */ = {isa = PBXBuildFile; fileRef = 3472C7081527FEE5005C9283 /* kal_right_arrow@2x.png */; };
		34D13594152D5A7000EEC3BD /* kal_tile_dim_text_fill.png in Resources */ = {isa = PBXBuildFile; fileRef = 3472C7091527FEE5005C9283 /* kal_tile_dim_text_fill.png */; };
		34D13595152D5A7000EEC3BD /* kal_tile_selected.png in Resources */ = {isa = PBXBuildFile; fileRef = 3472C70A1527FEE5005C9283 /* kal_tile_selected.png */; };
		34D13596152D5A7000EEC3BD /* kal_tile_text_fill.png in Resources */ = {isa = PBXBuildFile; fileRef = 3472C70B1527FEE5005C9283 /* kal_tile_text_fill.png */; };
		34D13597152D5A7000EEC3BD /* kal_tile_today_selected.png in Resources */ = {isa = PBXBuildFile; fileRef = 3472C70C1527FEE5005C9283 /* kal_tile_today_selected.png */; };
		34D13598152D5A7000EEC3BD /* kal_tile_today.png in Resources */ = {isa = PBXBuildFile; fileRef = 3472C70D1527FEE5005C9283 /* kal_tile_today.png */; };
		34D13599152D5A7000EEC3BD /* kal_tile.png in Resources */ = {isa = PBXBuildFile; fileRef = 3472C70E1527FEE5005C9283 /* kal_tile.png */; };
		34D412E2153A785200D8A52C /* EMSqliteDatasource.m in Sources */ = {isa = PBXBuildFile; fileRef = 34D412E1153A785200D8A52C /* EMSqliteDatasource.m */; };
		34D412E4153A8B3F00D8A52C /* SallandoItalic.ttf in Resources */ = {isa = PBXBuildFile; fileRef = 34D412E3153A8B3F00D8A52C /* SallandoItalic.ttf */; };
		34E44C57150F2248008CEA8C /* UIKit.framework in Frameworks */ = {isa = PBXBuildFile; fileRef = 34E44C56150F2248008CEA8C /* UIKit.framework */; };
		34E44C59150F2248008CEA8C /* Foundation.framework in Frameworks */ = {isa = PBXBuildFile; fileRef = 34E44C58150F2248008CEA8C /* Foundation.framework */; };
		34E44C5B150F2248008CEA8C /* CoreGraphics.framework in Frameworks */ = {isa = PBXBuildFile; fileRef = 34E44C5A150F2248008CEA8C /* CoreGraphics.framework */; };
		34E44C61150F2248008CEA8C /* InfoPlist.strings in Resources */ = {isa = PBXBuildFile; fileRef = 34E44C5F150F2248008CEA8C /* InfoPlist.strings */; };
		34E44C63150F2248008CEA8C /* main.m in Sources */ = {isa = PBXBuildFile; fileRef = 34E44C62150F2248008CEA8C /* main.m */; };
		34E44C67150F2248008CEA8C /* EMAppDelegate.m in Sources */ = {isa = PBXBuildFile; fileRef = 34E44C66150F2248008CEA8C /* EMAppDelegate.m */; };
		34E44C6D150F2248008CEA8C /* EMFirstViewController.m in Sources */ = {isa = PBXBuildFile; fileRef = 34E44C6C150F2248008CEA8C /* EMFirstViewController.m */; };
		34E44C74150F2248008CEA8C /* EMSecondViewController.m in Sources */ = {isa = PBXBuildFile; fileRef = 34E44C73150F2248008CEA8C /* EMSecondViewController.m */; };
		34E44C80150F2248008CEA8C /* SenTestingKit.framework in Frameworks */ = {isa = PBXBuildFile; fileRef = 34E44C7F150F2248008CEA8C /* SenTestingKit.framework */; };
		34E44C81150F2248008CEA8C /* UIKit.framework in Frameworks */ = {isa = PBXBuildFile; fileRef = 34E44C56150F2248008CEA8C /* UIKit.framework */; };
		34E44C82150F2248008CEA8C /* Foundation.framework in Frameworks */ = {isa = PBXBuildFile; fileRef = 34E44C58150F2248008CEA8C /* Foundation.framework */; };
		34E44C8A150F2248008CEA8C /* InfoPlist.strings in Resources */ = {isa = PBXBuildFile; fileRef = 34E44C88150F2248008CEA8C /* InfoPlist.strings */; };
		34E44C8D150F2249008CEA8C /* Exercise_ManagerTests.m in Sources */ = {isa = PBXBuildFile; fileRef = 34E44C8C150F2248008CEA8C /* Exercise_ManagerTests.m */; };
		34E44C98150F34F2008CEA8C /* MainStoryboard.storyboard in Resources */ = {isa = PBXBuildFile; fileRef = 34E44C96150F34F2008CEA8C /* MainStoryboard.storyboard */; };
		34E44C9B150FF429008CEA8C /* EMGenericExercisesViewController.m in Sources */ = {isa = PBXBuildFile; fileRef = 34E44C9A150FF429008CEA8C /* EMGenericExercisesViewController.m */; };
		34E44CA6150FFDCB008CEA8C /* ExerciseManager.sqlite in Resources */ = {isa = PBXBuildFile; fileRef = 34E44CA5150FFDCB008CEA8C /* ExerciseManager.sqlite */; };
		34E44CA8150FFE8D008CEA8C /* libsqlite3.dylib in Frameworks */ = {isa = PBXBuildFile; fileRef = 34E44CA7150FFE8D008CEA8C /* libsqlite3.dylib */; settings = {ATTRIBUTES = (Required, ); }; };
		34E44CAB150FFF1F008CEA8C /* EMSQLManager.m in Sources */ = {isa = PBXBuildFile; fileRef = 34E44CAA150FFF1F008CEA8C /* EMSQLManager.m */; };
		34E72AE6153AA4CE0041DCF9 /* SallandoItalic.ttf in Resources */ = {isa = PBXBuildFile; fileRef = 34D412E3153A8B3F00D8A52C /* SallandoItalic.ttf */; };
		34FBA8EE15133FDD00C84C37 /* EMNewExerciseViewController.m in Sources */ = {isa = PBXBuildFile; fileRef = 34FBA8ED15133FDD00C84C37 /* EMNewExerciseViewController.m */; };
		34FDBBA0153758F4001C7954 /* upArrow.png in Resources */ = {isa = PBXBuildFile; fileRef = 34FDBB9F153758F4001C7954 /* upArrow.png */; };
		34FDBBA31537591B001C7954 /* upArrowMax.png in Resources */ = {isa = PBXBuildFile; fileRef = 34FDBBA21537591B001C7954 /* upArrowMax.png */; };
/* End PBXBuildFile section */

/* Begin PBXContainerItemProxy section */
		34E44C83150F2248008CEA8C /* PBXContainerItemProxy */ = {
			isa = PBXContainerItemProxy;
			containerPortal = 34E44C49150F2247008CEA8C /* Project object */;
			proxyType = 1;
			remoteGlobalIDString = 34E44C51150F2248008CEA8C;
			remoteInfo = "Exercise Manager";
		};
/* End PBXContainerItemProxy section */

/* Begin PBXFileReference section */
		3417C300153B8D8C00CA7570 /* EMTableViewDataSource.h */ = {isa = PBXFileReference; lastKnownFileType = sourcecode.c.h; path = EMTableViewDataSource.h; sourceTree = "<group>"; };
		343223D6151062340093FB7F /* EMExercises.h */ = {isa = PBXFileReference; fileEncoding = 4; lastKnownFileType = sourcecode.c.h; path = EMExercises.h; sourceTree = "<group>"; };
		343223D7151062340093FB7F /* EMExercises.m */ = {isa = PBXFileReference; fileEncoding = 4; lastKnownFileType = sourcecode.c.objc; path = EMExercises.m; sourceTree = "<group>"; };
		3472C6D61527FE30005C9283 /* Kal.h */ = {isa = PBXFileReference; fileEncoding = 4; lastKnownFileType = sourcecode.c.h; name = Kal.h; path = "Exercise Manager/Kal.h"; sourceTree = "<group>"; };
		3472C6D71527FE30005C9283 /* KalDataSource.h */ = {isa = PBXFileReference; fileEncoding = 4; lastKnownFileType = sourcecode.c.h; name = KalDataSource.h; path = "Exercise Manager/KalDataSource.h"; sourceTree = "<group>"; };
		3472C6D81527FE30005C9283 /* KalDataSource.m */ = {isa = PBXFileReference; fileEncoding = 4; lastKnownFileType = sourcecode.c.objc; name = KalDataSource.m; path = "Exercise Manager/KalDataSource.m"; sourceTree = "<group>"; };
		3472C6D91527FE30005C9283 /* KalDate.h */ = {isa = PBXFileReference; fileEncoding = 4; lastKnownFileType = sourcecode.c.h; name = KalDate.h; path = "Exercise Manager/KalDate.h"; sourceTree = "<group>"; };
		3472C6DA1527FE30005C9283 /* KalDate.m */ = {isa = PBXFileReference; fileEncoding = 4; lastKnownFileType = sourcecode.c.objc; name = KalDate.m; path = "Exercise Manager/KalDate.m"; sourceTree = "<group>"; };
		3472C6DB1527FE30005C9283 /* KalGridView.h */ = {isa = PBXFileReference; fileEncoding = 4; lastKnownFileType = sourcecode.c.h; name = KalGridView.h; path = "Exercise Manager/KalGridView.h"; sourceTree = "<group>"; };
		3472C6DC1527FE30005C9283 /* KalGridView.m */ = {isa = PBXFileReference; fileEncoding = 4; lastKnownFileType = sourcecode.c.objc; name = KalGridView.m; path = "Exercise Manager/KalGridView.m"; sourceTree = "<group>"; };
		3472C6DD1527FE30005C9283 /* KalLogic.h */ = {isa = PBXFileReference; fileEncoding = 4; lastKnownFileType = sourcecode.c.h; name = KalLogic.h; path = "Exercise Manager/KalLogic.h"; sourceTree = "<group>"; };
		3472C6DE1527FE30005C9283 /* KalLogic.m */ = {isa = PBXFileReference; fileEncoding = 4; lastKnownFileType = sourcecode.c.objc; name = KalLogic.m; path = "Exercise Manager/KalLogic.m"; sourceTree = "<group>"; };
		3472C6DF1527FE30005C9283 /* KalMonthView.h */ = {isa = PBXFileReference; fileEncoding = 4; lastKnownFileType = sourcecode.c.h; name = KalMonthView.h; path = "Exercise Manager/KalMonthView.h"; sourceTree = "<group>"; };
		3472C6E01527FE30005C9283 /* KalMonthView.m */ = {isa = PBXFileReference; fileEncoding = 4; lastKnownFileType = sourcecode.c.objc; name = KalMonthView.m; path = "Exercise Manager/KalMonthView.m"; sourceTree = "<group>"; };
		3472C6E11527FE30005C9283 /* KalPrivate.h */ = {isa = PBXFileReference; fileEncoding = 4; lastKnownFileType = sourcecode.c.h; name = KalPrivate.h; path = "Exercise Manager/KalPrivate.h"; sourceTree = "<group>"; };
		3472C6E21527FE30005C9283 /* KalTileView.h */ = {isa = PBXFileReference; fileEncoding = 4; lastKnownFileType = sourcecode.c.h; name = KalTileView.h; path = "Exercise Manager/KalTileView.h"; sourceTree = "<group>"; };
		3472C6E31527FE30005C9283 /* KalTileView.m */ = {isa = PBXFileReference; fileEncoding = 4; lastKnownFileType = sourcecode.c.objc; name = KalTileView.m; path = "Exercise Manager/KalTileView.m"; sourceTree = "<group>"; };
		3472C6E41527FE31005C9283 /* KalView.h */ = {isa = PBXFileReference; fileEncoding = 4; lastKnownFileType = sourcecode.c.h; name = KalView.h; path = "Exercise Manager/KalView.h"; sourceTree = "<group>"; };
		3472C6E51527FE31005C9283 /* KalView.m */ = {isa = PBXFileReference; fileEncoding = 4; lastKnownFileType = sourcecode.c.objc; name = KalView.m; path = "Exercise Manager/KalView.m"; sourceTree = "<group>"; };
		3472C6E61527FE31005C9283 /* KalViewController.h */ = {isa = PBXFileReference; fileEncoding = 4; lastKnownFileType = sourcecode.c.h; name = KalViewController.h; path = "Exercise Manager/KalViewController.h"; sourceTree = "<group>"; };
		3472C6E71527FE31005C9283 /* KalViewController.m */ = {isa = PBXFileReference; fileEncoding = 4; lastKnownFileType = sourcecode.c.objc; name = KalViewController.m; path = "Exercise Manager/KalViewController.m"; sourceTree = "<group>"; };
		3472C6FA1527FEE5005C9283 /* kal_grid_background.png */ = {isa = PBXFileReference; lastKnownFileType = image.png; name = kal_grid_background.png; path = "Exercise Manager/Resources/kal_grid_background.png"; sourceTree = "<group>"; };
		3472C6FB1527FEE5005C9283 /* kal_grid_shadow.png */ = {isa = PBXFileReference; lastKnownFileType = image.png; name = kal_grid_shadow.png; path = "Exercise Manager/Resources/kal_grid_shadow.png"; sourceTree = "<group>"; };
		3472C6FC1527FEE5005C9283 /* kal_header_text_fill.png */ = {isa = PBXFileReference; lastKnownFileType = image.png; name = kal_header_text_fill.png; path = "Exercise Manager/Resources/kal_header_text_fill.png"; sourceTree = "<group>"; };
		3472C6FD1527FEE5005C9283 /* kal_left_arrow.png */ = {isa = PBXFileReference; lastKnownFileType = image.png; name = kal_left_arrow.png; path = "Exercise Manager/Resources/kal_left_arrow.png"; sourceTree = "<group>"; };
		3472C6FE1527FEE5005C9283 /* kal_left_arrow@2x.png */ = {isa = PBXFileReference; lastKnownFileType = image.png; name = "kal_left_arrow@2x.png"; path = "Exercise Manager/Resources/kal_left_arrow@2x.png"; sourceTree = "<group>"; };
		3472C6FF1527FEE5005C9283 /* kal_marker_dim.png */ = {isa = PBXFileReference; lastKnownFileType = image.png; name = kal_marker_dim.png; path = "Exercise Manager/Resources/kal_marker_dim.png"; sourceTree = "<group>"; };
		3472C7001527FEE5005C9283 /* kal_marker_dim@2x.png */ = {isa = PBXFileReference; lastKnownFileType = image.png; name = "kal_marker_dim@2x.png"; path = "Exercise Manager/Resources/kal_marker_dim@2x.png"; sourceTree = "<group>"; };
		3472C7011527FEE5005C9283 /* kal_marker_selected.png */ = {isa = PBXFileReference; lastKnownFileType = image.png; name = kal_marker_selected.png; path = "Exercise Manager/Resources/kal_marker_selected.png"; sourceTree = "<group>"; };
		3472C7021527FEE5005C9283 /* kal_marker_selected@2x.png */ = {isa = PBXFileReference; lastKnownFileType = image.png; name = "kal_marker_selected@2x.png"; path = "Exercise Manager/Resources/kal_marker_selected@2x.png"; sourceTree = "<group>"; };
		3472C7031527FEE5005C9283 /* kal_marker_today.png */ = {isa = PBXFileReference; lastKnownFileType = image.png; name = kal_marker_today.png; path = "Exercise Manager/Resources/kal_marker_today.png"; sourceTree = "<group>"; };
		3472C7041527FEE5005C9283 /* kal_marker_today@2x.png */ = {isa = PBXFileReference; lastKnownFileType = image.png; name = "kal_marker_today@2x.png"; path = "Exercise Manager/Resources/kal_marker_today@2x.png"; sourceTree = "<group>"; };
		3472C7051527FEE5005C9283 /* kal_marker.png */ = {isa = PBXFileReference; lastKnownFileType = image.png; name = kal_marker.png; path = "Exercise Manager/Resources/kal_marker.png"; sourceTree = "<group>"; };
		3472C7061527FEE5005C9283 /* kal_marker@2x.png */ = {isa = PBXFileReference; lastKnownFileType = image.png; name = "kal_marker@2x.png"; path = "Exercise Manager/Resources/kal_marker@2x.png"; sourceTree = "<group>"; };
		3472C7071527FEE5005C9283 /* kal_right_arrow.png */ = {isa = PBXFileReference; lastKnownFileType = image.png; name = kal_right_arrow.png; path = "Exercise Manager/Resources/kal_right_arrow.png"; sourceTree = "<group>"; };
		3472C7081527FEE5005C9283 /* kal_right_arrow@2x.png */ = {isa = PBXFileReference; lastKnownFileType = image.png; name = "kal_right_arrow@2x.png"; path = "Exercise Manager/Resources/kal_right_arrow@2x.png"; sourceTree = "<group>"; };
		3472C7091527FEE5005C9283 /* kal_tile_dim_text_fill.png */ = {isa = PBXFileReference; lastKnownFileType = image.png; name = kal_tile_dim_text_fill.png; path = "Exercise Manager/Resources/kal_tile_dim_text_fill.png"; sourceTree = "<group>"; };
		3472C70A1527FEE5005C9283 /* kal_tile_selected.png */ = {isa = PBXFileReference; lastKnownFileType = image.png; name = kal_tile_selected.png; path = "Exercise Manager/Resources/kal_tile_selected.png"; sourceTree = "<group>"; };
		3472C70B1527FEE5005C9283 /* kal_tile_text_fill.png */ = {isa = PBXFileReference; lastKnownFileType = image.png; name = kal_tile_text_fill.png; path = "Exercise Manager/Resources/kal_tile_text_fill.png"; sourceTree = "<group>"; };
		3472C70C1527FEE5005C9283 /* kal_tile_today_selected.png */ = {isa = PBXFileReference; lastKnownFileType = image.png; name = kal_tile_today_selected.png; path = "Exercise Manager/Resources/kal_tile_today_selected.png"; sourceTree = "<group>"; };
		3472C70D1527FEE5005C9283 /* kal_tile_today.png */ = {isa = PBXFileReference; lastKnownFileType = image.png; name = kal_tile_today.png; path = "Exercise Manager/Resources/kal_tile_today.png"; sourceTree = "<group>"; };
		3472C70E1527FEE5005C9283 /* kal_tile.png */ = {isa = PBXFileReference; lastKnownFileType = image.png; name = kal_tile.png; path = "Exercise Manager/Resources/kal_tile.png"; sourceTree = "<group>"; };
		3472C7291527FF10005C9283 /* NSDateAdditions.h */ = {isa = PBXFileReference; fileEncoding = 4; lastKnownFileType = sourcecode.c.h; name = NSDateAdditions.h; path = "Exercise Manager/NSDateAdditions.h"; sourceTree = "<group>"; };
		3472C72A1527FF10005C9283 /* NSDateAdditions.m */ = {isa = PBXFileReference; fileEncoding = 4; lastKnownFileType = sourcecode.c.objc; name = NSDateAdditions.m; path = "Exercise Manager/NSDateAdditions.m"; sourceTree = "<group>"; };
		3472C72B1527FF10005C9283 /* UIViewAdditions.h */ = {isa = PBXFileReference; fileEncoding = 4; lastKnownFileType = sourcecode.c.h; name = UIViewAdditions.h; path = "Exercise Manager/UIViewAdditions.h"; sourceTree = "<group>"; };
		3472C72C1527FF10005C9283 /* UIViewAdditions.m */ = {isa = PBXFileReference; fileEncoding = 4; lastKnownFileType = sourcecode.c.objc; name = UIViewAdditions.m; path = "Exercise Manager/UIViewAdditions.m"; sourceTree = "<group>"; };
		347AFF071512B1E200735DD2 /* EMNewCategoryViewController.h */ = {isa = PBXFileReference; fileEncoding = 4; lastKnownFileType = sourcecode.c.h; path = EMNewCategoryViewController.h; sourceTree = "<group>"; };
		347AFF081512B1E200735DD2 /* EMNewCategoryViewController.m */ = {isa = PBXFileReference; fileEncoding = 4; lastKnownFileType = sourcecode.c.objc; path = EMNewCategoryViewController.m; sourceTree = "<group>"; };
		34AD32F6153767DA002F3435 /* downArrow.png */ = {isa = PBXFileReference; lastKnownFileType = image.png; name = downArrow.png; path = "Exercise Manager/Resources/downArrow.png"; sourceTree = "<group>"; };
		34D412E0153A785200D8A52C /* EMSqliteDatasource.h */ = {isa = PBXFileReference; fileEncoding = 4; lastKnownFileType = sourcecode.c.h; path = EMSqliteDatasource.h; sourceTree = "<group>"; };
		34D412E1153A785200D8A52C /* EMSqliteDatasource.m */ = {isa = PBXFileReference; fileEncoding = 4; lastKnownFileType = sourcecode.c.objc; path = EMSqliteDatasource.m; sourceTree = "<group>"; };
		34D412E3153A8B3F00D8A52C /* SallandoItalic.ttf */ = {isa = PBXFileReference; lastKnownFileType = file; name = SallandoItalic.ttf; path = "Exercise Manager/Resources/SallandoItalic.ttf"; sourceTree = "<group>"; };
		34E44C52150F2248008CEA8C /* Exercise Manager.app */ = {isa = PBXFileReference; explicitFileType = wrapper.application; includeInIndex = 0; path = "Exercise Manager.app"; sourceTree = BUILT_PRODUCTS_DIR; };
		34E44C56150F2248008CEA8C /* UIKit.framework */ = {isa = PBXFileReference; lastKnownFileType = wrapper.framework; name = UIKit.framework; path = System/Library/Frameworks/UIKit.framework; sourceTree = SDKROOT; };
		34E44C58150F2248008CEA8C /* Foundation.framework */ = {isa = PBXFileReference; lastKnownFileType = wrapper.framework; name = Foundation.framework; path = System/Library/Frameworks/Foundation.framework; sourceTree = SDKROOT; };
		34E44C5A150F2248008CEA8C /* CoreGraphics.framework */ = {isa = PBXFileReference; lastKnownFileType = wrapper.framework; name = CoreGraphics.framework; path = System/Library/Frameworks/CoreGraphics.framework; sourceTree = SDKROOT; };
		34E44C5E150F2248008CEA8C /* Exercise Manager-Info.plist */ = {isa = PBXFileReference; lastKnownFileType = text.plist.xml; path = "Exercise Manager-Info.plist"; sourceTree = "<group>"; };
		34E44C60150F2248008CEA8C /* en */ = {isa = PBXFileReference; lastKnownFileType = text.plist.strings; name = en; path = en.lproj/InfoPlist.strings; sourceTree = "<group>"; };
		34E44C62150F2248008CEA8C /* main.m */ = {isa = PBXFileReference; lastKnownFileType = sourcecode.c.objc; path = main.m; sourceTree = "<group>"; };
		34E44C64150F2248008CEA8C /* Exercise Manager-Prefix.pch */ = {isa = PBXFileReference; lastKnownFileType = sourcecode.c.h; path = "Exercise Manager-Prefix.pch"; sourceTree = "<group>"; };
		34E44C65150F2248008CEA8C /* EMAppDelegate.h */ = {isa = PBXFileReference; lastKnownFileType = sourcecode.c.h; path = EMAppDelegate.h; sourceTree = "<group>"; };
		34E44C66150F2248008CEA8C /* EMAppDelegate.m */ = {isa = PBXFileReference; lastKnownFileType = sourcecode.c.objc; path = EMAppDelegate.m; sourceTree = "<group>"; };
		34E44C6B150F2248008CEA8C /* EMFirstViewController.h */ = {isa = PBXFileReference; lastKnownFileType = sourcecode.c.h; path = EMFirstViewController.h; sourceTree = "<group>"; };
		34E44C6C150F2248008CEA8C /* EMFirstViewController.m */ = {isa = PBXFileReference; lastKnownFileType = sourcecode.c.objc; path = EMFirstViewController.m; sourceTree = "<group>"; };
		34E44C72150F2248008CEA8C /* EMSecondViewController.h */ = {isa = PBXFileReference; lastKnownFileType = sourcecode.c.h; path = EMSecondViewController.h; sourceTree = "<group>"; };
		34E44C73150F2248008CEA8C /* EMSecondViewController.m */ = {isa = PBXFileReference; lastKnownFileType = sourcecode.c.objc; path = EMSecondViewController.m; sourceTree = "<group>"; };
		34E44C7E150F2248008CEA8C /* Exercise ManagerTests.octest */ = {isa = PBXFileReference; explicitFileType = wrapper.cfbundle; includeInIndex = 0; path = "Exercise ManagerTests.octest"; sourceTree = BUILT_PRODUCTS_DIR; };
		34E44C7F150F2248008CEA8C /* SenTestingKit.framework */ = {isa = PBXFileReference; lastKnownFileType = wrapper.framework; name = SenTestingKit.framework; path = Library/Frameworks/SenTestingKit.framework; sourceTree = DEVELOPER_DIR; };
		34E44C87150F2248008CEA8C /* Exercise ManagerTests-Info.plist */ = {isa = PBXFileReference; lastKnownFileType = text.plist.xml; path = "Exercise ManagerTests-Info.plist"; sourceTree = "<group>"; };
		34E44C89150F2248008CEA8C /* en */ = {isa = PBXFileReference; lastKnownFileType = text.plist.strings; name = en; path = en.lproj/InfoPlist.strings; sourceTree = "<group>"; };
		34E44C8B150F2248008CEA8C /* Exercise_ManagerTests.h */ = {isa = PBXFileReference; lastKnownFileType = sourcecode.c.h; path = Exercise_ManagerTests.h; sourceTree = "<group>"; };
		34E44C8C150F2248008CEA8C /* Exercise_ManagerTests.m */ = {isa = PBXFileReference; lastKnownFileType = sourcecode.c.objc; path = Exercise_ManagerTests.m; sourceTree = "<group>"; };
		34E44C97150F34F2008CEA8C /* en */ = {isa = PBXFileReference; lastKnownFileType = file.storyboard; name = en; path = en.lproj/MainStoryboard.storyboard; sourceTree = "<group>"; };
		34E44C99150FF429008CEA8C /* EMGenericExercisesViewController.h */ = {isa = PBXFileReference; fileEncoding = 4; lastKnownFileType = sourcecode.c.h; path = EMGenericExercisesViewController.h; sourceTree = "<group>"; };
		34E44C9A150FF429008CEA8C /* EMGenericExercisesViewController.m */ = {isa = PBXFileReference; fileEncoding = 4; lastKnownFileType = sourcecode.c.objc; path = EMGenericExercisesViewController.m; sourceTree = "<group>"; };
		34E44CA5150FFDCB008CEA8C /* ExerciseManager.sqlite */ = {isa = PBXFileReference; lastKnownFileType = file; name = ExerciseManager.sqlite; path = "Exercise Manager/ExerciseManager.sqlite"; sourceTree = "<group>"; };
		34E44CA7150FFE8D008CEA8C /* libsqlite3.dylib */ = {isa = PBXFileReference; lastKnownFileType = "compiled.mach-o.dylib"; name = libsqlite3.dylib; path = usr/lib/libsqlite3.dylib; sourceTree = SDKROOT; };
		34E44CA9150FFF1F008CEA8C /* EMSQLManager.h */ = {isa = PBXFileReference; fileEncoding = 4; lastKnownFileType = sourcecode.c.h; path = EMSQLManager.h; sourceTree = "<group>"; };
		34E44CAA150FFF1F008CEA8C /* EMSQLManager.m */ = {isa = PBXFileReference; fileEncoding = 4; lastKnownFileType = sourcecode.c.objc; path = EMSQLManager.m; sourceTree = "<group>"; };
		34FBA8EC15133FDD00C84C37 /* EMNewExerciseViewController.h */ = {isa = PBXFileReference; fileEncoding = 4; lastKnownFileType = sourcecode.c.h; path = EMNewExerciseViewController.h; sourceTree = "<group>"; };
		34FBA8ED15133FDD00C84C37 /* EMNewExerciseViewController.m */ = {isa = PBXFileReference; fileEncoding = 4; lastKnownFileType = sourcecode.c.objc; path = EMNewExerciseViewController.m; sourceTree = "<group>"; };
		34FDBB9F153758F4001C7954 /* upArrow.png */ = {isa = PBXFileReference; lastKnownFileType = image.png; name = upArrow.png; path = "Exercise Manager/Resources/upArrow.png"; sourceTree = "<group>"; };
		34FDBBA21537591B001C7954 /* upArrowMax.png */ = {isa = PBXFileReference; lastKnownFileType = image.png; name = upArrowMax.png; path = "Exercise Manager/Resources/upArrowMax.png"; sourceTree = "<group>"; };
/* End PBXFileReference section */

/* Begin PBXFrameworksBuildPhase section */
		34E44C4F150F2248008CEA8C /* Frameworks */ = {
			isa = PBXFrameworksBuildPhase;
			buildActionMask = 2147483647;
			files = (
				34E44CA8150FFE8D008CEA8C /* libsqlite3.dylib in Frameworks */,
				34E44C57150F2248008CEA8C /* UIKit.framework in Frameworks */,
				34E44C59150F2248008CEA8C /* Foundation.framework in Frameworks */,
				34E44C5B150F2248008CEA8C /* CoreGraphics.framework in Frameworks */,
			);
			runOnlyForDeploymentPostprocessing = 0;
		};
		34E44C7A150F2248008CEA8C /* Frameworks */ = {
			isa = PBXFrameworksBuildPhase;
			buildActionMask = 2147483647;
			files = (
				34E44C80150F2248008CEA8C /* SenTestingKit.framework in Frameworks */,
				34E44C81150F2248008CEA8C /* UIKit.framework in Frameworks */,
				34E44C82150F2248008CEA8C /* Foundation.framework in Frameworks */,
			);
			runOnlyForDeploymentPostprocessing = 0;
		};
/* End PBXFrameworksBuildPhase section */

/* Begin PBXGroup section */
		3472C7281527FEF4005C9283 /* Additions */ = {
			isa = PBXGroup;
			children = (
				3472C7291527FF10005C9283 /* NSDateAdditions.h */,
				3472C72A1527FF10005C9283 /* NSDateAdditions.m */,
				3472C72B1527FF10005C9283 /* UIViewAdditions.h */,
				3472C72C1527FF10005C9283 /* UIViewAdditions.m */,
			);
			name = Additions;
			sourceTree = "<group>";
		};
		347E1ABC1526FE7A009F37F5 /* Calendar */ = {
			isa = PBXGroup;
			children = (
				3472C6D61527FE30005C9283 /* Kal.h */,
				3472C6D71527FE30005C9283 /* KalDataSource.h */,
				3472C6D81527FE30005C9283 /* KalDataSource.m */,
				3472C6D91527FE30005C9283 /* KalDate.h */,
				3472C6DA1527FE30005C9283 /* KalDate.m */,
				3472C6DB1527FE30005C9283 /* KalGridView.h */,
				3472C6DC1527FE30005C9283 /* KalGridView.m */,
				3472C6DD1527FE30005C9283 /* KalLogic.h */,
				3472C6DE1527FE30005C9283 /* KalLogic.m */,
				3472C6DF1527FE30005C9283 /* KalMonthView.h */,
				3472C6E01527FE30005C9283 /* KalMonthView.m */,
				3472C6E11527FE30005C9283 /* KalPrivate.h */,
				3472C6E21527FE30005C9283 /* KalTileView.h */,
				3472C6E31527FE30005C9283 /* KalTileView.m */,
				3472C6E41527FE31005C9283 /* KalView.h */,
				3472C6E51527FE31005C9283 /* KalView.m */,
				3472C6E61527FE31005C9283 /* KalViewController.h */,
				3472C6E71527FE31005C9283 /* KalViewController.m */,
			);
			name = Calendar;
			sourceTree = "<group>";
		};
		347E1AD81526FEB0009F37F5 /* Resources */ = {
			isa = PBXGroup;
			children = (
				34AD32F6153767DA002F3435 /* downArrow.png */,
				34D412E3153A8B3F00D8A52C /* SallandoItalic.ttf */,
				34FDBBA21537591B001C7954 /* upArrowMax.png */,
				34FDBB9F153758F4001C7954 /* upArrow.png */,
				3472C6FA1527FEE5005C9283 /* kal_grid_background.png */,
				3472C6FB1527FEE5005C9283 /* kal_grid_shadow.png */,
				3472C6FC1527FEE5005C9283 /* kal_header_text_fill.png */,
				3472C6FD1527FEE5005C9283 /* kal_left_arrow.png */,
				3472C6FE1527FEE5005C9283 /* kal_left_arrow@2x.png */,
				3472C6FF1527FEE5005C9283 /* kal_marker_dim.png */,
				3472C7001527FEE5005C9283 /* kal_marker_dim@2x.png */,
				3472C7011527FEE5005C9283 /* kal_marker_selected.png */,
				3472C7021527FEE5005C9283 /* kal_marker_selected@2x.png */,
				3472C7031527FEE5005C9283 /* kal_marker_today.png */,
				3472C7041527FEE5005C9283 /* kal_marker_today@2x.png */,
				3472C7051527FEE5005C9283 /* kal_marker.png */,
				3472C7061527FEE5005C9283 /* kal_marker@2x.png */,
				3472C7071527FEE5005C9283 /* kal_right_arrow.png */,
				3472C7081527FEE5005C9283 /* kal_right_arrow@2x.png */,
				3472C7091527FEE5005C9283 /* kal_tile_dim_text_fill.png */,
				3472C70A1527FEE5005C9283 /* kal_tile_selected.png */,
				3472C70B1527FEE5005C9283 /* kal_tile_text_fill.png */,
				3472C70C1527FEE5005C9283 /* kal_tile_today_selected.png */,
				3472C70D1527FEE5005C9283 /* kal_tile_today.png */,
				3472C70E1527FEE5005C9283 /* kal_tile.png */,
				34E44CA5150FFDCB008CEA8C /* ExerciseManager.sqlite */,
			);
			name = Resources;
			sourceTree = "<group>";
		};
		34E44C47150F2247008CEA8C = {
			isa = PBXGroup;
			children = (
				3472C7281527FEF4005C9283 /* Additions */,
				347E1AD81526FEB0009F37F5 /* Resources */,
				347E1ABC1526FE7A009F37F5 /* Calendar */,
				34E44C5C150F2248008CEA8C /* Exercise Manager */,
				34E44C85150F2248008CEA8C /* Exercise ManagerTests */,
				34E44C55150F2248008CEA8C /* Frameworks */,
				34E44C53150F2248008CEA8C /* Products */,
			);
			sourceTree = "<group>";
		};
		34E44C53150F2248008CEA8C /* Products */ = {
			isa = PBXGroup;
			children = (
				34E44C52150F2248008CEA8C /* Exercise Manager.app */,
				34E44C7E150F2248008CEA8C /* Exercise ManagerTests.octest */,
			);
			name = Products;
			sourceTree = "<group>";
		};
		34E44C55150F2248008CEA8C /* Frameworks */ = {
			isa = PBXGroup;
			children = (
				34E44CA7150FFE8D008CEA8C /* libsqlite3.dylib */,
				34E44C56150F2248008CEA8C /* UIKit.framework */,
				34E44C58150F2248008CEA8C /* Foundation.framework */,
				34E44C5A150F2248008CEA8C /* CoreGraphics.framework */,
				34E44C7F150F2248008CEA8C /* SenTestingKit.framework */,
			);
			name = Frameworks;
			sourceTree = "<group>";
		};
		34E44C5C150F2248008CEA8C /* Exercise Manager */ = {
			isa = PBXGroup;
			children = (
				34E44C5D150F2248008CEA8C /* Supporting Files */,
				34FBA8EC15133FDD00C84C37 /* EMNewExerciseViewController.h */,
				34FBA8ED15133FDD00C84C37 /* EMNewExerciseViewController.m */,
				34E44C96150F34F2008CEA8C /* MainStoryboard.storyboard */,
				34E44C65150F2248008CEA8C /* EMAppDelegate.h */,
				34E44C66150F2248008CEA8C /* EMAppDelegate.m */,
				34E44C6B150F2248008CEA8C /* EMFirstViewController.h */,
				34E44C6C150F2248008CEA8C /* EMFirstViewController.m */,
				34E44C72150F2248008CEA8C /* EMSecondViewController.h */,
				34E44C73150F2248008CEA8C /* EMSecondViewController.m */,
				34E44C99150FF429008CEA8C /* EMGenericExercisesViewController.h */,
				34E44C9A150FF429008CEA8C /* EMGenericExercisesViewController.m */,
				34E44CA9150FFF1F008CEA8C /* EMSQLManager.h */,
				34E44CAA150FFF1F008CEA8C /* EMSQLManager.m */,
				343223D6151062340093FB7F /* EMExercises.h */,
				343223D7151062340093FB7F /* EMExercises.m */,
				347AFF071512B1E200735DD2 /* EMNewCategoryViewController.h */,
				347AFF081512B1E200735DD2 /* EMNewCategoryViewController.m */,
				34D412E0153A785200D8A52C /* EMSqliteDatasource.h */,
				34D412E1153A785200D8A52C /* EMSqliteDatasource.m */,
				3417C300153B8D8C00CA7570 /* EMTableViewDataSource.h */,
			);
			path = "Exercise Manager";
			sourceTree = "<group>";
		};
		34E44C5D150F2248008CEA8C /* Supporting Files */ = {
			isa = PBXGroup;
			children = (
				34E44C5E150F2248008CEA8C /* Exercise Manager-Info.plist */,
				34E44C5F150F2248008CEA8C /* InfoPlist.strings */,
				34E44C62150F2248008CEA8C /* main.m */,
				34E44C64150F2248008CEA8C /* Exercise Manager-Prefix.pch */,
			);
			name = "Supporting Files";
			sourceTree = "<group>";
		};
		34E44C85150F2248008CEA8C /* Exercise ManagerTests */ = {
			isa = PBXGroup;
			children = (
				34E44C8B150F2248008CEA8C /* Exercise_ManagerTests.h */,
				34E44C8C150F2248008CEA8C /* Exercise_ManagerTests.m */,
				34E44C86150F2248008CEA8C /* Supporting Files */,
			);
			path = "Exercise ManagerTests";
			sourceTree = "<group>";
		};
		34E44C86150F2248008CEA8C /* Supporting Files */ = {
			isa = PBXGroup;
			children = (
				34E44C87150F2248008CEA8C /* Exercise ManagerTests-Info.plist */,
				34E44C88150F2248008CEA8C /* InfoPlist.strings */,
			);
			name = "Supporting Files";
			sourceTree = "<group>";
		};
/* End PBXGroup section */

/* Begin PBXNativeTarget section */
		34E44C51150F2248008CEA8C /* Exercise Manager */ = {
			isa = PBXNativeTarget;
			buildConfigurationList = 34E44C90150F2249008CEA8C /* Build configuration list for PBXNativeTarget "Exercise Manager" */;
			buildPhases = (
				34E44C4E150F2248008CEA8C /* Sources */,
				34E44C4F150F2248008CEA8C /* Frameworks */,
				34E44C50150F2248008CEA8C /* Resources */,
			);
			buildRules = (
			);
			dependencies = (
			);
			name = "Exercise Manager";
			productName = "Exercise Manager";
			productReference = 34E44C52150F2248008CEA8C /* Exercise Manager.app */;
			productType = "com.apple.product-type.application";
		};
		34E44C7D150F2248008CEA8C /* Exercise ManagerTests */ = {
			isa = PBXNativeTarget;
			buildConfigurationList = 34E44C93150F2249008CEA8C /* Build configuration list for PBXNativeTarget "Exercise ManagerTests" */;
			buildPhases = (
				34E44C79150F2248008CEA8C /* Sources */,
				34E44C7A150F2248008CEA8C /* Frameworks */,
				34E44C7B150F2248008CEA8C /* Resources */,
				34E44C7C150F2248008CEA8C /* ShellScript */,
			);
			buildRules = (
			);
			dependencies = (
				34E44C84150F2248008CEA8C /* PBXTargetDependency */,
			);
			name = "Exercise ManagerTests";
			productName = "Exercise ManagerTests";
			productReference = 34E44C7E150F2248008CEA8C /* Exercise ManagerTests.octest */;
			productType = "com.apple.product-type.bundle";
		};
/* End PBXNativeTarget section */

/* Begin PBXProject section */
		34E44C49150F2247008CEA8C /* Project object */ = {
			isa = PBXProject;
			attributes = {
				CLASSPREFIX = EM;
				LastUpgradeCheck = 0430;
			};
			buildConfigurationList = 34E44C4C150F2248008CEA8C /* Build configuration list for PBXProject "Exercise Manager" */;
			compatibilityVersion = "Xcode 3.2";
			developmentRegion = English;
			hasScannedForEncodings = 0;
			knownRegions = (
				en,
				bn,
			);
			mainGroup = 34E44C47150F2247008CEA8C;
			productRefGroup = 34E44C53150F2248008CEA8C /* Products */;
			projectDirPath = "";
			projectRoot = "";
			targets = (
				34E44C51150F2248008CEA8C /* Exercise Manager */,
				34E44C7D150F2248008CEA8C /* Exercise ManagerTests */,
			);
		};
/* End PBXProject section */

/* Begin PBXResourcesBuildPhase section */
		34E44C50150F2248008CEA8C /* Resources */ = {
			isa = PBXResourcesBuildPhase;
			buildActionMask = 2147483647;
			files = (
				34E72AE6153AA4CE0041DCF9 /* SallandoItalic.ttf in Resources */,
				34D13585152D5A7000EEC3BD /* kal_grid_background.png in Resources */,
				34D13586152D5A7000EEC3BD /* kal_grid_shadow.png in Resources */,
				34D13587152D5A7000EEC3BD /* kal_header_text_fill.png in Resources */,
				34D13588152D5A7000EEC3BD /* kal_left_arrow.png in Resources */,
				34D13589152D5A7000EEC3BD /* kal_left_arrow@2x.png in Resources */,
				34D1358A152D5A7000EEC3BD /* kal_marker_dim.png in Resources */,
				34D1358B152D5A7000EEC3BD /* kal_marker_dim@2x.png in Resources */,
				34D1358C152D5A7000EEC3BD /* kal_marker_selected.png in Resources */,
				34D1358D152D5A7000EEC3BD /* kal_marker_selected@2x.png in Resources */,
				34D1358E152D5A7000EEC3BD /* kal_marker_today.png in Resources */,
				34D1358F152D5A7000EEC3BD /* kal_marker_today@2x.png in Resources */,
				34D13590152D5A7000EEC3BD /* kal_marker.png in Resources */,
				34D13591152D5A7000EEC3BD /* kal_marker@2x.png in Resources */,
				34D13592152D5A7000EEC3BD /* kal_right_arrow.png in Resources */,
				34D13593152D5A7000EEC3BD /* kal_right_arrow@2x.png in Resources */,
				34D13594152D5A7000EEC3BD /* kal_tile_dim_text_fill.png in Resources */,
				34D13595152D5A7000EEC3BD /* kal_tile_selected.png in Resources */,
				34D13596152D5A7000EEC3BD /* kal_tile_text_fill.png in Resources */,
				34D13597152D5A7000EEC3BD /* kal_tile_today_selected.png in Resources */,
				34D13598152D5A7000EEC3BD /* kal_tile_today.png in Resources */,
				34D13599152D5A7000EEC3BD /* kal_tile.png in Resources */,
				34E44C61150F2248008CEA8C /* InfoPlist.strings in Resources */,
				34E44C98150F34F2008CEA8C /* MainStoryboard.storyboard in Resources */,
				34E44CA6150FFDCB008CEA8C /* ExerciseManager.sqlite in Resources */,
				34FDBBA0153758F4001C7954 /* upArrow.png in Resources */,
				34FDBBA31537591B001C7954 /* upArrowMax.png in Resources */,
				34AD32F7153767DA002F3435 /* downArrow.png in Resources */,
			);
			runOnlyForDeploymentPostprocessing = 0;
		};
		34E44C7B150F2248008CEA8C /* Resources */ = {
			isa = PBXResourcesBuildPhase;
			buildActionMask = 2147483647;
			files = (
				34E44C8A150F2248008CEA8C /* InfoPlist.strings in Resources */,
				34D412E4153A8B3F00D8A52C /* SallandoItalic.ttf in Resources */,
			);
			runOnlyForDeploymentPostprocessing = 0;
		};
/* End PBXResourcesBuildPhase section */

/* Begin PBXShellScriptBuildPhase section */
		34E44C7C150F2248008CEA8C /* ShellScript */ = {
			isa = PBXShellScriptBuildPhase;
			buildActionMask = 2147483647;
			files = (
			);
			inputPaths = (
			);
			outputPaths = (
			);
			runOnlyForDeploymentPostprocessing = 0;
			shellPath = /bin/sh;
			shellScript = "# Run the unit tests in this test bundle.\n\"${SYSTEM_DEVELOPER_DIR}/Tools/RunUnitTests\"\n";
		};
/* End PBXShellScriptBuildPhase section */

/* Begin PBXSourcesBuildPhase section */
		34E44C4E150F2248008CEA8C /* Sources */ = {
			isa = PBXSourcesBuildPhase;
			buildActionMask = 2147483647;
			files = (
				34E44C63150F2248008CEA8C /* main.m in Sources */,
				34E44C67150F2248008CEA8C /* EMAppDelegate.m in Sources */,
				34E44C6D150F2248008CEA8C /* EMFirstViewController.m in Sources */,
				34E44C74150F2248008CEA8C /* EMSecondViewController.m in Sources */,
				34E44C9B150FF429008CEA8C /* EMGenericExercisesViewController.m in Sources */,
				34E44CAB150FFF1F008CEA8C /* EMSQLManager.m in Sources */,
				343223D8151062340093FB7F /* EMExercises.m in Sources */,
				347AFF091512B1E300735DD2 /* EMNewCategoryViewController.m in Sources */,
				34FBA8EE15133FDD00C84C37 /* EMNewExerciseViewController.m in Sources */,
				3472C6E81527FE31005C9283 /* KalDataSource.m in Sources */,
				3472C6E91527FE31005C9283 /* KalDate.m in Sources */,
				3472C6EA1527FE31005C9283 /* KalGridView.m in Sources */,
				3472C6EB1527FE31005C9283 /* KalLogic.m in Sources */,
				3472C6EC1527FE31005C9283 /* KalMonthView.m in Sources */,
				3472C6ED1527FE31005C9283 /* KalTileView.m in Sources */,
				3472C6EE1527FE31005C9283 /* KalView.m in Sources */,
				3472C6EF1527FE31005C9283 /* KalViewController.m in Sources */,
				3472C72D1527FF10005C9283 /* NSDateAdditions.m in Sources */,
				3472C72E1527FF10005C9283 /* UIViewAdditions.m in Sources */,
				34D412E2153A785200D8A52C /* EMSqliteDatasource.m in Sources */,
			);
			runOnlyForDeploymentPostprocessing = 0;
		};
		34E44C79150F2248008CEA8C /* Sources */ = {
			isa = PBXSourcesBuildPhase;
			buildActionMask = 2147483647;
			files = (
				34E44C8D150F2249008CEA8C /* Exercise_ManagerTests.m in Sources */,
			);
			runOnlyForDeploymentPostprocessing = 0;
		};
/* End PBXSourcesBuildPhase section */

/* Begin PBXTargetDependency section */
		34E44C84150F2248008CEA8C /* PBXTargetDependency */ = {
			isa = PBXTargetDependency;
			target = 34E44C51150F2248008CEA8C /* Exercise Manager */;
			targetProxy = 34E44C83150F2248008CEA8C /* PBXContainerItemProxy */;
		};
/* End PBXTargetDependency section */

/* Begin PBXVariantGroup section */
		34E44C5F150F2248008CEA8C /* InfoPlist.strings */ = {
			isa = PBXVariantGroup;
			children = (
				34E44C60150F2248008CEA8C /* en */,
			);
			name = InfoPlist.strings;
			sourceTree = "<group>";
		};
		34E44C88150F2248008CEA8C /* InfoPlist.strings */ = {
			isa = PBXVariantGroup;
			children = (
				34E44C89150F2248008CEA8C /* en */,
			);
			name = InfoPlist.strings;
			sourceTree = "<group>";
		};
		34E44C96150F34F2008CEA8C /* MainStoryboard.storyboard */ = {
			isa = PBXVariantGroup;
			children = (
				34E44C97150F34F2008CEA8C /* en */,
			);
			name = MainStoryboard.storyboard;
			sourceTree = "<group>";
		};
/* End PBXVariantGroup section */

/* Begin XCBuildConfiguration section */
		34E44C8E150F2249008CEA8C /* Debug */ = {
			isa = XCBuildConfiguration;
			buildSettings = {
				ALWAYS_SEARCH_USER_PATHS = NO;
				ARCHS = "$(ARCHS_STANDARD_32_BIT)";
				CLANG_ENABLE_OBJC_ARC = YES;
				"CODE_SIGN_IDENTITY[sdk=iphoneos*]" = "iPhone Developer";
				COPY_PHASE_STRIP = NO;
				GCC_C_LANGUAGE_STANDARD = gnu99;
				GCC_DYNAMIC_NO_PIC = NO;
				GCC_OPTIMIZATION_LEVEL = 0;
				GCC_PREPROCESSOR_DEFINITIONS = (
					"DEBUG=1",
					"$(inherited)",
				);
				GCC_SYMBOLS_PRIVATE_EXTERN = NO;
				GCC_VERSION = com.apple.compilers.llvm.clang.1_0;
				GCC_WARN_ABOUT_RETURN_TYPE = YES;
				GCC_WARN_UNINITIALIZED_AUTOS = YES;
				GCC_WARN_UNUSED_VARIABLE = YES;
				IPHONEOS_DEPLOYMENT_TARGET = 5.1;
				SDKROOT = iphoneos;
			};
			name = Debug;
		};
		34E44C8F150F2249008CEA8C /* Release */ = {
			isa = XCBuildConfiguration;
			buildSettings = {
				ALWAYS_SEARCH_USER_PATHS = NO;
				ARCHS = "$(ARCHS_STANDARD_32_BIT)";
				CLANG_ENABLE_OBJC_ARC = YES;
				"CODE_SIGN_IDENTITY[sdk=iphoneos*]" = "iPhone Developer";
				COPY_PHASE_STRIP = YES;
				GCC_C_LANGUAGE_STANDARD = gnu99;
				GCC_VERSION = com.apple.compilers.llvm.clang.1_0;
				GCC_WARN_ABOUT_RETURN_TYPE = YES;
				GCC_WARN_UNINITIALIZED_AUTOS = YES;
				GCC_WARN_UNUSED_VARIABLE = YES;
				IPHONEOS_DEPLOYMENT_TARGET = 5.1;
				OTHER_CFLAGS = "-DNS_BLOCK_ASSERTIONS=1";
				SDKROOT = iphoneos;
				VALIDATE_PRODUCT = YES;
			};
			name = Release;
		};
		34E44C91150F2249008CEA8C /* Debug */ = {
			isa = XCBuildConfiguration;
			buildSettings = {
				GCC_PRECOMPILE_PREFIX_HEADER = YES;
				GCC_PREFIX_HEADER = "Exercise Manager/Exercise Manager-Prefix.pch";
				GCC_PREPROCESSOR_DEFINITIONS = "DEBUG=1";
				INFOPLIST_FILE = "Exercise Manager/Exercise Manager-Info.plist";
				"OTHER_CFLAGS[arch=*]" = "-DDEBUGGING";
				OTHER_CPLUSPLUSFLAGS = "-DDEBUGGING=1";
				PRODUCT_NAME = "$(TARGET_NAME)";
				VALIDATE_PRODUCT = YES;
				WRAPPER_EXTENSION = app;
			};
			name = Debug;
		};
		34E44C92150F2249008CEA8C /* Release */ = {
			isa = XCBuildConfiguration;
			buildSettings = {
				GCC_PRECOMPILE_PREFIX_HEADER = YES;
				GCC_PREFIX_HEADER = "Exercise Manager/Exercise Manager-Prefix.pch";
				INFOPLIST_FILE = "Exercise Manager/Exercise Manager-Info.plist";
				OTHER_CPLUSPLUSFLAGS = "-DDEBUGGING=1";
				PRODUCT_NAME = "$(TARGET_NAME)";
				WRAPPER_EXTENSION = app;
			};
			name = Release;
		};
		34E44C94150F2249008CEA8C /* Debug */ = {
			isa = XCBuildConfiguration;
			buildSettings = {
				BUNDLE_LOADER = "$(BUILT_PRODUCTS_DIR)/Exercise Manager.app/Exercise Manager";
				FRAMEWORK_SEARCH_PATHS = (
					"$(SDKROOT)/Developer/Library/Frameworks",
					"$(DEVELOPER_LIBRARY_DIR)/Frameworks",
				);
				GCC_PRECOMPILE_PREFIX_HEADER = YES;
				GCC_PREFIX_HEADER = "Exercise Manager/Exercise Manager-Prefix.pch";
				INFOPLIST_FILE = "Exercise ManagerTests/Exercise ManagerTests-Info.plist";
				PRODUCT_NAME = "$(TARGET_NAME)";
				TEST_HOST = "$(BUNDLE_LOADER)";
				WRAPPER_EXTENSION = octest;
			};
			name = Debug;
		};
		34E44C95150F2249008CEA8C /* Release */ = {
			isa = XCBuildConfiguration;
			buildSettings = {
				BUNDLE_LOADER = "$(BUILT_PRODUCTS_DIR)/Exercise Manager.app/Exercise Manager";
				FRAMEWORK_SEARCH_PATHS = (
					"$(SDKROOT)/Developer/Library/Frameworks",
					"$(DEVELOPER_LIBRARY_DIR)/Frameworks",
				);
				GCC_PRECOMPILE_PREFIX_HEADER = YES;
				GCC_PREFIX_HEADER = "Exercise Manager/Exercise Manager-Prefix.pch";
				INFOPLIST_FILE = "Exercise ManagerTests/Exercise ManagerTests-Info.plist";
				PRODUCT_NAME = "$(TARGET_NAME)";
				TEST_HOST = "$(BUNDLE_LOADER)";
				WRAPPER_EXTENSION = octest;
			};
			name = Release;
		};
/* End XCBuildConfiguration section */

/* Begin XCConfigurationList section */
		34E44C4C150F2248008CEA8C /* Build configuration list for PBXProject "Exercise Manager" */ = {
			isa = XCConfigurationList;
			buildConfigurations = (
				34E44C8E150F2249008CEA8C /* Debug */,
				34E44C8F150F2249008CEA8C /* Release */,
			);
			defaultConfigurationIsVisible = 0;
			defaultConfigurationName = Release;
		};
		34E44C90150F2249008CEA8C /* Build configuration list for PBXNativeTarget "Exercise Manager" */ = {
			isa = XCConfigurationList;
			buildConfigurations = (
				34E44C91150F2249008CEA8C /* Debug */,
				34E44C92150F2249008CEA8C /* Release */,
			);
			defaultConfigurationIsVisible = 0;
			defaultConfigurationName = Release;
		};
		34E44C93150F2249008CEA8C /* Build configuration list for PBXNativeTarget "Exercise ManagerTests" */ = {
			isa = XCConfigurationList;
			buildConfigurations = (
				34E44C94150F2249008CEA8C /* Debug */,
				34E44C95150F2249008CEA8C /* Release */,
			);
			defaultConfigurationIsVisible = 0;
			defaultConfigurationName = Release;
		};
/* End XCConfigurationList section */
	};
	rootObject = 34E44C49150F2247008CEA8C /* Project object */;
}
